
Microsoft Visual Studio Solution File, Format Version 12.00
# Visual Studio Version 17
VisualStudioVersion = 17.11.35208.52
MinimumVisualStudioVersion = 10.0.40219.1
Project("{FAE04EC0-301F-11D3-BF4B-00C04F79EFBC}") = "Migration_Scaffold", "Migration_Scaffold\Migration_Scaffold.csproj", "{5525A38B-0747-480C-A35C-6B92D65ECFFF}"
EndProject
Global
	GlobalSection(SolutionConfigurationPlatforms) = preSolution
		Debug|Any CPU = Debug|Any CPU
		Release|Any CPU = Release|Any CPU
	EndGlobalSection
	GlobalSection(ProjectConfigurationPlatforms) = postSolution
		{5525A38B-0747-480C-A35C-6B92D65ECFFF}.Debug|Any CPU.ActiveCfg = Debug|Any CPU
		{5525A38B-0747-480C-A35C-6B92D65ECFFF}.Debug|Any CPU.Build.0 = Debug|Any CPU
		{5525A38B-0747-480C-A35C-6B92D65ECFFF}.Release|Any CPU.ActiveCfg = Release|Any CPU
		{5525A38B-0747-480C-A35C-6B92D65ECFFF}.Release|Any CPU.Build.0 = Release|Any CPU
	EndGlobalSection
	GlobalSection(SolutionProperties) = preSolution
		HideSolutionNode = FALSE
	EndGlobalSection
	GlobalSection(ExtensibilityGlobals) = postSolution
		SolutionGuid = {2BB9D475-6E82-4D8C-B0A4-8DFCEB806F55}
	EndGlobalSection
EndGlobal
